
Microsoft Visual Studio Solution File, Format Version 12.00
# Visual Studio Version 16
VisualStudioVersion = 16.0.31005.135
MinimumVisualStudioVersion = 10.0.40219.1
Project("{FAE04EC0-301F-11D3-BF4B-00C04F79EFBC}") = "Calc-task-2", "Calc-task-2.csproj", "{23B8D554-7AA8-446C-9BAD-D54AF184E9EB}"
EndProject
Global
	GlobalSection(SolutionConfigurationPlatforms) = preSolution
		Debug|Any CPU = Debug|Any CPU
		Release|Any CPU = Release|Any CPU
	EndGlobalSection
	GlobalSection(ProjectConfigurationPlatforms) = postSolution
		{23B8D554-7AA8-446C-9BAD-D54AF184E9EB}.Debug|Any CPU.ActiveCfg = Debug|Any CPU
		{23B8D554-7AA8-446C-9BAD-D54AF184E9EB}.Debug|Any CPU.Build.0 = Debug|Any CPU
		{23B8D554-7AA8-446C-9BAD-D54AF184E9EB}.Release|Any CPU.ActiveCfg = Release|Any CPU
		{23B8D554-7AA8-446C-9BAD-D54AF184E9EB}.Release|Any CPU.Build.0 = Release|Any CPU
	EndGlobalSection
	GlobalSection(SolutionProperties) = preSolution
		HideSolutionNode = FALSE
	EndGlobalSection
	GlobalSection(ExtensibilityGlobals) = postSolution
		SolutionGuid = {4D85A3C8-15AA-41D2-9805-6DA2BA2BE03A}
	EndGlobalSection
EndGlobal
